
Microsoft Visual Studio Solution File, Format Version 12.00
# Visual Studio Version 16
VisualStudioVersion = 16.0.29613.14
MinimumVisualStudioVersion = 10.0.40219.1
Project("{FAE04EC0-301F-11D3-BF4B-00C04F79EFBC}") = "Calendar Challenge", "Calendar Challenge.csproj", "{2CF8BBD2-E60F-4DE2-85CA-4CF437ED5427}"
EndProject
Global
	GlobalSection(SolutionConfigurationPlatforms) = preSolution
		Debug|Any CPU = Debug|Any CPU
		Release|Any CPU = Release|Any CPU
	EndGlobalSection
	GlobalSection(ProjectConfigurationPlatforms) = postSolution
		{2CF8BBD2-E60F-4DE2-85CA-4CF437ED5427}.Debug|Any CPU.ActiveCfg = Debug|Any CPU
		{2CF8BBD2-E60F-4DE2-85CA-4CF437ED5427}.Debug|Any CPU.Build.0 = Debug|Any CPU
		{2CF8BBD2-E60F-4DE2-85CA-4CF437ED5427}.Release|Any CPU.ActiveCfg = Release|Any CPU
		{2CF8BBD2-E60F-4DE2-85CA-4CF437ED5427}.Release|Any CPU.Build.0 = Release|Any CPU
	EndGlobalSection
	GlobalSection(SolutionProperties) = preSolution
		HideSolutionNode = FALSE
	EndGlobalSection
	GlobalSection(ExtensibilityGlobals) = postSolution
		SolutionGuid = {D2CBFAAC-4048-4575-BE4D-539670939EAC}
	EndGlobalSection
EndGlobal
